# This file is autogenerated, do not edit; changes may be undone by the next 'dep ensure'.


[[projects]]
  branch = "master"
  name = "github.com/davecheney/junk"
  packages = ["clock"]
  revision = "155060ce6d56c51f8ebceb9a265ae9a13f628443"

[[projects]]
  branch = "master"
  name = "github.com/gochenzl/chess"
  packages = [
    "codec",
    "common",
    "game/config",
    "game/server",
    "game/session",
    "game_ddz/handler",
    "game_ddz/pb_client",
    "game_ddz/pb_user",
    "game_ddz/user",
    "pb/center",
    "pb/login",
    "pb/table",
    "server_center/conn_info",
    "server_center/handler",
    "server_gate/config",
    "server_gate/connid",
    "server_gate/pkg",
    "server_login/account",
    "server_login/config",
    "server_login/handler",
    "server_table/pkg",
    "util/buf_pool",
    "util/conf",
    "util/hack",
    "util/log",
    "util/redis",
    "util/redis_cli",
    "util/rpc",
    "util/services"
  ]
  revision = "e4ed10fb41a03fee50116b59e5dfe2c153470f52"

[[projects]]
  name = "github.com/golang/protobuf"
  packages = ["proto"]
  revision = "aa810b61a9c79d51363740d207bb46cf8e620ed5"
  version = "v1.2.0"

[[projects]]
  branch = "master"
  name = "github.com/golang/snappy"
  packages = ["."]
  revision = "2e65f85255dbc3072edf28d6b5b8efc472979f5a"

[[projects]]
  name = "github.com/satori/uuid"
  packages = ["."]
  revision = "f58768cc1a7a7e77a3bd49e98cdd21419399b6a3"
  version = "v1.2.0"

[[projects]]
  branch = "master"
  name = "github.com/syndtr/goleveldb"
  packages = [
    "leveldb",
    "leveldb/cache",
    "leveldb/comparer",
    "leveldb/errors",
    "leveldb/filter",
    "leveldb/iterator",
    "leveldb/journal",
    "leveldb/memdb",
    "leveldb/opt",
    "leveldb/storage",
    "leveldb/table",
    "leveldb/util"
  ]
  revision = "b001fa50d6b27f3f0bb175a87d0cb55426d0a0ae"

[[projects]]
  branch = "v1"
  name = "gopkg.in/bsm/ratelimit.v1"
  packages = ["."]
  revision = "db14e161995a5177acef654cb0dd785e8ee8bc22"

[[projects]]
  name = "gopkg.in/redis.v3"
  packages = [
    ".",
    "internal",
    "internal/consistenthash",
    "internal/hashtag",
    "internal/pool"
  ]
  revision = "b5e368500d0a508ef8f16e9c2d4025a8a46bcc29"
  version = "v3.6.4"

[solve-meta]
  analyzer-name = "dep"
  analyzer-version = 1
  inputs-digest = "c4bffcf9938cf1bbb1b14b7a8697ed68fa0984a2839803a78e48a7cb1578b3b0"
  solver-name = "gps-cdcl"
  solver-version = 1
